
Microsoft Visual Studio Solution File, Format Version 12.00
# Visual Studio Version 16
VisualStudioVersion = 16.0.30611.23
MinimumVisualStudioVersion = 10.0.40219.1
Project("{FAE04EC0-301F-11D3-BF4B-00C04F79EFBC}") = "VideoPlayer", "VideoPlayer\VideoPlayer.csproj", "{BB072CDA-FEE8-4DA1-A293-CEC5603799F0}"
EndProject
Global
	GlobalSection(SolutionConfigurationPlatforms) = preSolution
		Debug|Any CPU = Debug|Any CPU
		Release|Any CPU = Release|Any CPU
	EndGlobalSection
	GlobalSection(ProjectConfigurationPlatforms) = postSolution
		{BB072CDA-FEE8-4DA1-A293-CEC5603799F0}.Debug|Any CPU.ActiveCfg = Debug|Any CPU
		{BB072CDA-FEE8-4DA1-A293-CEC5603799F0}.Debug|Any CPU.Build.0 = Debug|Any CPU
		{BB072CDA-FEE8-4DA1-A293-CEC5603799F0}.Release|Any CPU.ActiveCfg = Release|Any CPU
		{BB072CDA-FEE8-4DA1-A293-CEC5603799F0}.Release|Any CPU.Build.0 = Release|Any CPU
	EndGlobalSection
	GlobalSection(SolutionProperties) = preSolution
		HideSolutionNode = FALSE
	EndGlobalSection
	GlobalSection(ExtensibilityGlobals) = postSolution
		SolutionGuid = {07C486C2-42AC-4302-9A4D-6E8E5BC73C5E}
	EndGlobalSection
EndGlobal
